
Microsoft Visual Studio Solution File, Format Version 12.00
# Visual Studio Version 17
VisualStudioVersion = 17.11.35222.181
MinimumVisualStudioVersion = 10.0.40219.1
Project("{FAE04EC0-301F-11D3-BF4B-00C04F79EFBC}") = "BounceBattle", "BounceBattle.csproj", "{6C83094F-0B67-4AB7-8C71-D55E02C30AA9}"
EndProject
Global
	GlobalSection(SolutionConfigurationPlatforms) = preSolution
		Debug|Any CPU = Debug|Any CPU
		Release|Any CPU = Release|Any CPU
	EndGlobalSection
	GlobalSection(ProjectConfigurationPlatforms) = postSolution
		{6C83094F-0B67-4AB7-8C71-D55E02C30AA9}.Debug|Any CPU.ActiveCfg = Debug|Any CPU
		{6C83094F-0B67-4AB7-8C71-D55E02C30AA9}.Debug|Any CPU.Build.0 = Debug|Any CPU
		{6C83094F-0B67-4AB7-8C71-D55E02C30AA9}.Release|Any CPU.ActiveCfg = Release|Any CPU
		{6C83094F-0B67-4AB7-8C71-D55E02C30AA9}.Release|Any CPU.Build.0 = Release|Any CPU
	EndGlobalSection
	GlobalSection(SolutionProperties) = preSolution
		HideSolutionNode = FALSE
	EndGlobalSection
	GlobalSection(ExtensibilityGlobals) = postSolution
		SolutionGuid = {316C8A5D-A6C7-42BD-9D53-470FD0A1731A}
	EndGlobalSection
EndGlobal
